
Microsoft Visual Studio Solution File, Format Version 12.00
# Visual Studio Version 17
VisualStudioVersion = 17.6.33829.357
MinimumVisualStudioVersion = 10.0.40219.1
Project("{FAE04EC0-301F-11D3-BF4B-00C04F79EFBC}") = "RealTimeChat", "RealTimeChat.csproj", "{A7053C5D-00C4-4D37-873A-846EC5B78BB5}"
EndProject
Global
	GlobalSection(SolutionConfigurationPlatforms) = preSolution
		Debug|Any CPU = Debug|Any CPU
		Release|Any CPU = Release|Any CPU
	EndGlobalSection
	GlobalSection(ProjectConfigurationPlatforms) = postSolution
		{A7053C5D-00C4-4D37-873A-846EC5B78BB5}.Debug|Any CPU.ActiveCfg = Debug|Any CPU
		{A7053C5D-00C4-4D37-873A-846EC5B78BB5}.Debug|Any CPU.Build.0 = Debug|Any CPU
		{A7053C5D-00C4-4D37-873A-846EC5B78BB5}.Release|Any CPU.ActiveCfg = Release|Any CPU
		{A7053C5D-00C4-4D37-873A-846EC5B78BB5}.Release|Any CPU.Build.0 = Release|Any CPU
	EndGlobalSection
	GlobalSection(SolutionProperties) = preSolution
		HideSolutionNode = FALSE
	EndGlobalSection
	GlobalSection(ExtensibilityGlobals) = postSolution
		SolutionGuid = {24F4B30E-435F-49D8-A776-12A14EDB1F93}
	EndGlobalSection
EndGlobal
